
Microsoft Visual Studio Solution File, Format Version 12.00
# Visual Studio Version 17
VisualStudioVersion = 17.3.32819.101
MinimumVisualStudioVersion = 10.0.40219.1
Project("{FAE04EC0-301F-11D3-BF4B-00C04F79EFBC}") = "Polymarphism-in-Csharp", "Polymarphism-in-Csharp.csproj", "{278C2AF3-8154-4372-9396-24C447678D52}"
EndProject
Global
	GlobalSection(SolutionConfigurationPlatforms) = preSolution
		Debug|Any CPU = Debug|Any CPU
		Release|Any CPU = Release|Any CPU
	EndGlobalSection
	GlobalSection(ProjectConfigurationPlatforms) = postSolution
		{278C2AF3-8154-4372-9396-24C447678D52}.Debug|Any CPU.ActiveCfg = Debug|Any CPU
		{278C2AF3-8154-4372-9396-24C447678D52}.Debug|Any CPU.Build.0 = Debug|Any CPU
		{278C2AF3-8154-4372-9396-24C447678D52}.Release|Any CPU.ActiveCfg = Release|Any CPU
		{278C2AF3-8154-4372-9396-24C447678D52}.Release|Any CPU.Build.0 = Release|Any CPU
	EndGlobalSection
	GlobalSection(SolutionProperties) = preSolution
		HideSolutionNode = FALSE
	EndGlobalSection
	GlobalSection(ExtensibilityGlobals) = postSolution
		SolutionGuid = {C3D1272F-5BA8-492A-BAD0-DA5DBA85DA28}
	EndGlobalSection
EndGlobal
